
Microsoft Visual Studio Solution File, Format Version 12.00
# Visual Studio Version 17
VisualStudioVersion = 17.8.34330.188
MinimumVisualStudioVersion = 10.0.40219.1
Project("{FAE04EC0-301F-11D3-BF4B-00C04F79EFBC}") = "NZWalks.API", "NZWalks.API\NZWalks.API.csproj", "{40D88B04-015F-42AC-A76D-D9DB7B2F5026}"
EndProject
Global
	GlobalSection(SolutionConfigurationPlatforms) = preSolution
		Debug|Any CPU = Debug|Any CPU
		Release|Any CPU = Release|Any CPU
	EndGlobalSection
	GlobalSection(ProjectConfigurationPlatforms) = postSolution
		{40D88B04-015F-42AC-A76D-D9DB7B2F5026}.Debug|Any CPU.ActiveCfg = Debug|Any CPU
		{40D88B04-015F-42AC-A76D-D9DB7B2F5026}.Debug|Any CPU.Build.0 = Debug|Any CPU
		{40D88B04-015F-42AC-A76D-D9DB7B2F5026}.Release|Any CPU.ActiveCfg = Release|Any CPU
		{40D88B04-015F-42AC-A76D-D9DB7B2F5026}.Release|Any CPU.Build.0 = Release|Any CPU
	EndGlobalSection
	GlobalSection(SolutionProperties) = preSolution
		HideSolutionNode = FALSE
	EndGlobalSection
	GlobalSection(ExtensibilityGlobals) = postSolution
		SolutionGuid = {4CA1B427-F207-4457-B268-40ABA01DE0B1}
	EndGlobalSection
EndGlobal
